// !$*UTF8*$!
{
	archiveVersion = 1;
	classes = {
	};
	objectVersion = 46;
	objects = {

/* Begin PBXBuildFile section */
		131C92301E6EF099008E48DE /* AdobeCreativeSDKCore.framework in Frameworks */ = {isa = PBXBuildFile; fileRef = 131C922E1E6EF099008E48DE /* AdobeCreativeSDKCore.framework */; };
		131C92311E6EF099008E48DE /* AdobeCreativeSDKImage.framework in Frameworks */ = {isa = PBXBuildFile; fileRef = 131C922F1E6EF099008E48DE /* AdobeCreativeSDKImage.framework */; };
		131C92321E6EF0F0008E48DE /* AdobeCreativeSDKCore.framework in Frameworks */ = {isa = PBXBuildFile; fileRef = 131C922E1E6EF099008E48DE /* AdobeCreativeSDKCore.framework */; };
		131C92331E6EF0F0008E48DE /* AdobeCreativeSDKCore.framework in Embed Frameworks */ = {isa = PBXBuildFile; fileRef = 131C922E1E6EF099008E48DE /* AdobeCreativeSDKCore.framework */; settings = {ATTRIBUTES = (CodeSignOnCopy, RemoveHeadersOnCopy, ); }; };
		131C92341E6EF0F0008E48DE /* AdobeCreativeSDKImage.framework in Frameworks */ = {isa = PBXBuildFile; fileRef = 131C922F1E6EF099008E48DE /* AdobeCreativeSDKImage.framework */; };
		131C92351E6EF0F0008E48DE /* AdobeCreativeSDKImage.framework in Embed Frameworks */ = {isa = PBXBuildFile; fileRef = 131C922F1E6EF099008E48DE /* AdobeCreativeSDKImage.framework */; settings = {ATTRIBUTES = (CodeSignOnCopy, RemoveHeadersOnCopy, ); }; };
		131C92381E6EF137008E48DE /* libc++.tbd in Frameworks */ = {isa = PBXBuildFile; fileRef = 131C92371E6EF137008E48DE /* libc++.tbd */; };
		131C923A1E6EF148008E48DE /* libz.tbd in Frameworks */ = {isa = PBXBuildFile; fileRef = 131C92391E6EF148008E48DE /* libz.tbd */; };
		131C923C1E6EF155008E48DE /* libz.1.2.5.tbd in Frameworks */ = {isa = PBXBuildFile; fileRef = 131C923B1E6EF155008E48DE /* libz.1.2.5.tbd */; };
		131C923E1E6EF162008E48DE /* libsqlite3.0.tbd in Frameworks */ = {isa = PBXBuildFile; fileRef = 131C923D1E6EF162008E48DE /* libsqlite3.0.tbd */; };
		131C92401E6EF172008E48DE /* MobileCoreServices.framework in Frameworks */ = {isa = PBXBuildFile; fileRef = 131C923F1E6EF172008E48DE /* MobileCoreServices.framework */; };
		131C92421E6EF17D008E48DE /* SystemConfiguration.framework in Frameworks */ = {isa = PBXBuildFile; fileRef = 131C92411E6EF17D008E48DE /* SystemConfiguration.framework */; };
		131C92441E6EF186008E48DE /* Accelerate.framework in Frameworks */ = {isa = PBXBuildFile; fileRef = 131C92431E6EF186008E48DE /* Accelerate.framework */; };
		131C92461E6EF18E008E48DE /* CoreData.framework in Frameworks */ = {isa = PBXBuildFile; fileRef = 131C92451E6EF18E008E48DE /* CoreData.framework */; };
		131C92481E6EF197008E48DE /* MessageUI.framework in Frameworks */ = {isa = PBXBuildFile; fileRef = 131C92471E6EF197008E48DE /* MessageUI.framework */; };
		131C924A1E6EF1A3008E48DE /* OpenGLES.framework in Frameworks */ = {isa = PBXBuildFile; fileRef = 131C92491E6EF1A3008E48DE /* OpenGLES.framework */; };
		131C924C1E6EF1B0008E48DE /* QuartzCore.framework in Frameworks */ = {isa = PBXBuildFile; fileRef = 131C924B1E6EF1B0008E48DE /* QuartzCore.framework */; };
		13660B991E6BF08E009517DD /* AppDelegate.swift in Sources */ = {isa = PBXBuildFile; fileRef = 13660B981E6BF08E009517DD /* AppDelegate.swift */; };
		13660B9B1E6BF08E009517DD /* ViewController.swift in Sources */ = {isa = PBXBuildFile; fileRef = 13660B9A1E6BF08E009517DD /* ViewController.swift */; };
		13660B9E1E6BF08E009517DD /* Main.storyboard in Resources */ = {isa = PBXBuildFile; fileRef = 13660B9C1E6BF08E009517DD /* Main.storyboard */; };
		13660BA01E6BF08E009517DD /* Assets.xcassets in Resources */ = {isa = PBXBuildFile; fileRef = 13660B9F1E6BF08E009517DD /* Assets.xcassets */; };
		13660BA31E6BF08E009517DD /* LaunchScreen.storyboard in Resources */ = {isa = PBXBuildFile; fileRef = 13660BA11E6BF08E009517DD /* LaunchScreen.storyboard */; };
		13660BAB1E6BF662009517DD /* LoginViewController.swift in Sources */ = {isa = PBXBuildFile; fileRef = 13660BAA1E6BF662009517DD /* LoginViewController.swift */; };
		13660BAD1E6BF6E0009517DD /* HomeViewController.swift in Sources */ = {isa = PBXBuildFile; fileRef = 13660BAC1E6BF6E0009517DD /* HomeViewController.swift */; };
		13660BAF1E6BF73F009517DD /* ImageSelectViewController.swift in Sources */ = {isa = PBXBuildFile; fileRef = 13660BAE1E6BF73F009517DD /* ImageSelectViewController.swift */; };
		13660BB11E6BF773009517DD /* PostViewController.swift in Sources */ = {isa = PBXBuildFile; fileRef = 13660BB01E6BF773009517DD /* PostViewController.swift */; };
		13660BB31E6BF798009517DD /* SettingViewController.swift in Sources */ = {isa = PBXBuildFile; fileRef = 13660BB21E6BF798009517DD /* SettingViewController.swift */; };
		139EAA071E70167B00A7BDCD /* Const.swift in Sources */ = {isa = PBXBuildFile; fileRef = 139EAA061E70167B00A7BDCD /* Const.swift */; };
		139EAA091E70190400A7BDCD /* PostData.swift in Sources */ = {isa = PBXBuildFile; fileRef = 139EAA081E70190400A7BDCD /* PostData.swift */; };
		13D830741E70303F00678DCC /* PostTableViewCell.swift in Sources */ = {isa = PBXBuildFile; fileRef = 13D830721E70303F00678DCC /* PostTableViewCell.swift */; };
		13D830751E70303F00678DCC /* PostTableViewCell.xib in Resources */ = {isa = PBXBuildFile; fileRef = 13D830731E70303F00678DCC /* PostTableViewCell.xib */; };
		13FC7FC71E6C39F600B733A7 /* GoogleService-Info.plist in Resources */ = {isa = PBXBuildFile; fileRef = 13FC7FC61E6C39F600B733A7 /* GoogleService-Info.plist */; };
		E864921ECE7A9BF4CA426171 /* Pods_Instagram.framework in Frameworks */ = {isa = PBXBuildFile; fileRef = 0D53D7ACB8485166DF9AC19F /* Pods_Instagram.framework */; };
/* End PBXBuildFile section */

/* Begin PBXCopyFilesBuildPhase section */
		131C92361E6EF0F0008E48DE /* Embed Frameworks */ = {
			isa = PBXCopyFilesBuildPhase;
			buildActionMask = 2147483647;
			dstPath = "";
			dstSubfolderSpec = 10;
			files = (
				131C92351E6EF0F0008E48DE /* AdobeCreativeSDKImage.framework in Embed Frameworks */,
				131C92331E6EF0F0008E48DE /* AdobeCreativeSDKCore.framework in Embed Frameworks */,
			);
			name = "Embed Frameworks";
			runOnlyForDeploymentPostprocessing = 0;
		};
/* End PBXCopyFilesBuildPhase section */

/* Begin PBXFileReference section */
		01297A6EBE04F788173FB0D8 /* Pods-Instagram.release.xcconfig */ = {isa = PBXFileReference; includeInIndex = 1; lastKnownFileType = text.xcconfig; name = "Pods-Instagram.release.xcconfig"; path = "Pods/Target Support Files/Pods-Instagram/Pods-Instagram.release.xcconfig"; sourceTree = "<group>"; };
		0D53D7ACB8485166DF9AC19F /* Pods_Instagram.framework */ = {isa = PBXFileReference; explicitFileType = wrapper.framework; includeInIndex = 0; path = Pods_Instagram.framework; sourceTree = BUILT_PRODUCTS_DIR; };
		131C922E1E6EF099008E48DE /* AdobeCreativeSDKCore.framework */ = {isa = PBXFileReference; lastKnownFileType = wrapper.framework; name = AdobeCreativeSDKCore.framework; path = Instagram/AdobeCreativeSDKCore.framework; sourceTree = "<group>"; };
		131C922F1E6EF099008E48DE /* AdobeCreativeSDKImage.framework */ = {isa = PBXFileReference; lastKnownFileType = wrapper.framework; name = AdobeCreativeSDKImage.framework; path = Instagram/AdobeCreativeSDKImage.framework; sourceTree = "<group>"; };
		131C92371E6EF137008E48DE /* libc++.tbd */ = {isa = PBXFileReference; lastKnownFileType = "sourcecode.text-based-dylib-definition"; name = "libc++.tbd"; path = "usr/lib/libc++.tbd"; sourceTree = SDKROOT; };
		131C92391E6EF148008E48DE /* libz.tbd */ = {isa = PBXFileReference; lastKnownFileType = "sourcecode.text-based-dylib-definition"; name = libz.tbd; path = usr/lib/libz.tbd; sourceTree = SDKROOT; };
		131C923B1E6EF155008E48DE /* libz.1.2.5.tbd */ = {isa = PBXFileReference; lastKnownFileType = "sourcecode.text-based-dylib-definition"; name = libz.1.2.5.tbd; path = usr/lib/libz.1.2.5.tbd; sourceTree = SDKROOT; };
		131C923D1E6EF162008E48DE /* libsqlite3.0.tbd */ = {isa = PBXFileReference; lastKnownFileType = "sourcecode.text-based-dylib-definition"; name = libsqlite3.0.tbd; path = usr/lib/libsqlite3.0.tbd; sourceTree = SDKROOT; };
		131C923F1E6EF172008E48DE /* MobileCoreServices.framework */ = {isa = PBXFileReference; lastKnownFileType = wrapper.framework; name = MobileCoreServices.framework; path = System/Library/Frameworks/MobileCoreServices.framework; sourceTree = SDKROOT; };
		131C92411E6EF17D008E48DE /* SystemConfiguration.framework */ = {isa = PBXFileReference; lastKnownFileType = wrapper.framework; name = SystemConfiguration.framework; path = System/Library/Frameworks/SystemConfiguration.framework; sourceTree = SDKROOT; };
		131C92431E6EF186008E48DE /* Accelerate.framework */ = {isa = PBXFileReference; lastKnownFileType = wrapper.framework; name = Accelerate.framework; path = System/Library/Frameworks/Accelerate.framework; sourceTree = SDKROOT; };
		131C92451E6EF18E008E48DE /* CoreData.framework */ = {isa = PBXFileReference; lastKnownFileType = wrapper.framework; name = CoreData.framework; path = System/Library/Frameworks/CoreData.framework; sourceTree = SDKROOT; };
		131C92471E6EF197008E48DE /* MessageUI.framework */ = {isa = PBXFileReference; lastKnownFileType = wrapper.framework; name = MessageUI.framework; path = System/Library/Frameworks/MessageUI.framework; sourceTree = SDKROOT; };
		131C92491E6EF1A3008E48DE /* OpenGLES.framework */ = {isa = PBXFileReference; lastKnownFileType = wrapper.framework; name = OpenGLES.framework; path = System/Library/Frameworks/OpenGLES.framework; sourceTree = SDKROOT; };
		131C924B1E6EF1B0008E48DE /* QuartzCore.framework */ = {isa = PBXFileReference; lastKnownFileType = wrapper.framework; name = QuartzCore.framework; path = System/Library/Frameworks/QuartzCore.framework; sourceTree = SDKROOT; };
		131C924E1E6EF240008E48DE /* Instagram-Bridging-Header.h */ = {isa = PBXFileReference; lastKnownFileType = sourcecode.c.h; path = "Instagram-Bridging-Header.h"; sourceTree = "<group>"; };
		13660B951E6BF08E009517DD /* Instagram.app */ = {isa = PBXFileReference; explicitFileType = wrapper.application; includeInIndex = 0; path = Instagram.app; sourceTree = BUILT_PRODUCTS_DIR; };
		13660B981E6BF08E009517DD /* AppDelegate.swift */ = {isa = PBXFileReference; lastKnownFileType = sourcecode.swift; path = AppDelegate.swift; sourceTree = "<group>"; };
		13660B9A1E6BF08E009517DD /* ViewController.swift */ = {isa = PBXFileReference; lastKnownFileType = sourcecode.swift; path = ViewController.swift; sourceTree = "<group>"; };
		13660B9D1E6BF08E009517DD /* Base */ = {isa = PBXFileReference; lastKnownFileType = file.storyboard; name = Base; path = Base.lproj/Main.storyboard; sourceTree = "<group>"; };
		13660B9F1E6BF08E009517DD /* Assets.xcassets */ = {isa = PBXFileReference; lastKnownFileType = folder.assetcatalog; path = Assets.xcassets; sourceTree = "<group>"; };
		13660BA21E6BF08E009517DD /* Base */ = {isa = PBXFileReference; lastKnownFileType = file.storyboard; name = Base; path = Base.lproj/LaunchScreen.storyboard; sourceTree = "<group>"; };
		13660BA41E6BF08E009517DD /* Info.plist */ = {isa = PBXFileReference; lastKnownFileType = text.plist.xml; path = Info.plist; sourceTree = "<group>"; };
		13660BAA1E6BF662009517DD /* LoginViewController.swift */ = {isa = PBXFileReference; fileEncoding = 4; lastKnownFileType = sourcecode.swift; path = LoginViewController.swift; sourceTree = "<group>"; };
		13660BAC1E6BF6E0009517DD /* HomeViewController.swift */ = {isa = PBXFileReference; fileEncoding = 4; lastKnownFileType = sourcecode.swift; path = HomeViewController.swift; sourceTree = "<group>"; };
		13660BAE1E6BF73F009517DD /* ImageSelectViewController.swift */ = {isa = PBXFileReference; fileEncoding = 4; lastKnownFileType = sourcecode.swift; path = ImageSelectViewController.swift; sourceTree = "<group>"; };
		13660BB01E6BF773009517DD /* PostViewController.swift */ = {isa = PBXFileReference; fileEncoding = 4; lastKnownFileType = sourcecode.swift; path = PostViewController.swift; sourceTree = "<group>"; };
		13660BB21E6BF798009517DD /* SettingViewController.swift */ = {isa = PBXFileReference; fileEncoding = 4; lastKnownFileType = sourcecode.swift; path = SettingViewController.swift; sourceTree = "<group>"; };
		139EAA061E70167B00A7BDCD /* Const.swift */ = {isa = PBXFileReference; fileEncoding = 4; lastKnownFileType = sourcecode.swift; path = Const.swift; sourceTree = "<group>"; };
		139EAA081E70190400A7BDCD /* PostData.swift */ = {isa = PBXFileReference; fileEncoding = 4; lastKnownFileType = sourcecode.swift; name = PostData.swift; path = ../PostData.swift; sourceTree = "<group>"; };
		13D830721E70303F00678DCC /* PostTableViewCell.swift */ = {isa = PBXFileReference; fileEncoding = 4; lastKnownFileType = sourcecode.swift; path = PostTableViewCell.swift; sourceTree = "<group>"; };
		13D830731E70303F00678DCC /* PostTableViewCell.xib */ = {isa = PBXFileReference; fileEncoding = 4; lastKnownFileType = file.xib; path = PostTableViewCell.xib; sourceTree = "<group>"; };
		13FC7FC61E6C39F600B733A7 /* GoogleService-Info.plist */ = {isa = PBXFileReference; fileEncoding = 4; lastKnownFileType = text.plist.xml; path = "GoogleService-Info.plist"; sourceTree = "<group>"; };
		8695F6ABA6314DC060E23C67 /* Pods-Instagram.debug.xcconfig */ = {isa = PBXFileReference; includeInIndex = 1; lastKnownFileType = text.xcconfig; name = "Pods-Instagram.debug.xcconfig"; path = "Pods/Target Support Files/Pods-Instagram/Pods-Instagram.debug.xcconfig"; sourceTree = "<group>"; };
/* End PBXFileReference section */

/* Begin PBXFrameworksBuildPhase section */
		13660B921E6BF08D009517DD /* Frameworks */ = {
			isa = PBXFrameworksBuildPhase;
			buildActionMask = 2147483647;
			files = (
				131C924C1E6EF1B0008E48DE /* QuartzCore.framework in Frameworks */,
				131C924A1E6EF1A3008E48DE /* OpenGLES.framework in Frameworks */,
				131C92481E6EF197008E48DE /* MessageUI.framework in Frameworks */,
				131C92461E6EF18E008E48DE /* CoreData.framework in Frameworks */,
				131C92441E6EF186008E48DE /* Accelerate.framework in Frameworks */,
				131C92421E6EF17D008E48DE /* SystemConfiguration.framework in Frameworks */,
				131C92401E6EF172008E48DE /* MobileCoreServices.framework in Frameworks */,
				131C923E1E6EF162008E48DE /* libsqlite3.0.tbd in Frameworks */,
				131C923C1E6EF155008E48DE /* libz.1.2.5.tbd in Frameworks */,
				131C923A1E6EF148008E48DE /* libz.tbd in Frameworks */,
				131C92381E6EF137008E48DE /* libc++.tbd in Frameworks */,
				E864921ECE7A9BF4CA426171 /* Pods_Instagram.framework in Frameworks */,
				131C92311E6EF099008E48DE /* AdobeCreativeSDKImage.framework in Frameworks */,
				131C92301E6EF099008E48DE /* AdobeCreativeSDKCore.framework in Frameworks */,
				131C92341E6EF0F0008E48DE /* AdobeCreativeSDKImage.framework in Frameworks */,
				131C92321E6EF0F0008E48DE /* AdobeCreativeSDKCore.framework in Frameworks */,
			);
			runOnlyForDeploymentPostprocessing = 0;
		};
/* End PBXFrameworksBuildPhase section */

/* Begin PBXGroup section */
		13660B8C1E6BF08D009517DD = {
			isa = PBXGroup;
			children = (
				13660B971E6BF08E009517DD /* Instagram */,
				13660B961E6BF08E009517DD /* Products */,
				935DEAAC258989BCE10E40A9 /* Pods */,
				60F0A34F7534C6E83D137C72 /* Frameworks */,
			);
			sourceTree = "<group>";
		};
		13660B961E6BF08E009517DD /* Products */ = {
			isa = PBXGroup;
			children = (
				13660B951E6BF08E009517DD /* Instagram.app */,
			);
			name = Products;
			sourceTree = "<group>";
		};
		13660B971E6BF08E009517DD /* Instagram */ = {
			isa = PBXGroup;
			children = (
				13660B981E6BF08E009517DD /* AppDelegate.swift */,
				139EAA081E70190400A7BDCD /* PostData.swift */,
				139EAA061E70167B00A7BDCD /* Const.swift */,
				13660B9A1E6BF08E009517DD /* ViewController.swift */,
				13660BAA1E6BF662009517DD /* LoginViewController.swift */,
				13660BAC1E6BF6E0009517DD /* HomeViewController.swift */,
				13660BAE1E6BF73F009517DD /* ImageSelectViewController.swift */,
				13660BB01E6BF773009517DD /* PostViewController.swift */,
				13660BB21E6BF798009517DD /* SettingViewController.swift */,
				131C924E1E6EF240008E48DE /* Instagram-Bridging-Header.h */,
				13660B9C1E6BF08E009517DD /* Main.storyboard */,
				13660B9F1E6BF08E009517DD /* Assets.xcassets */,
				13660BA11E6BF08E009517DD /* LaunchScreen.storyboard */,
				13660BA41E6BF08E009517DD /* Info.plist */,
				13FC7FC61E6C39F600B733A7 /* GoogleService-Info.plist */,
				13D830721E70303F00678DCC /* PostTableViewCell.swift */,
				13D830731E70303F00678DCC /* PostTableViewCell.xib */,
			);
			path = Instagram;
			sourceTree = "<group>";
		};
		60F0A34F7534C6E83D137C72 /* Frameworks */ = {
			isa = PBXGroup;
			children = (
				131C924B1E6EF1B0008E48DE /* QuartzCore.framework */,
				131C92491E6EF1A3008E48DE /* OpenGLES.framework */,
				131C92471E6EF197008E48DE /* MessageUI.framework */,
				131C92451E6EF18E008E48DE /* CoreData.framework */,
				131C92431E6EF186008E48DE /* Accelerate.framework */,
				131C92411E6EF17D008E48DE /* SystemConfiguration.framework */,
				131C923F1E6EF172008E48DE /* MobileCoreServices.framework */,
				131C923D1E6EF162008E48DE /* libsqlite3.0.tbd */,
				131C923B1E6EF155008E48DE /* libz.1.2.5.tbd */,
				131C92391E6EF148008E48DE /* libz.tbd */,
				131C92371E6EF137008E48DE /* libc++.tbd */,
				131C922E1E6EF099008E48DE /* AdobeCreativeSDKCore.framework */,
				131C922F1E6EF099008E48DE /* AdobeCreativeSDKImage.framework */,
				0D53D7ACB8485166DF9AC19F /* Pods_Instagram.framework */,
			);
			name = Frameworks;
			sourceTree = "<group>";
		};
		935DEAAC258989BCE10E40A9 /* Pods */ = {
			isa = PBXGroup;
			children = (
				8695F6ABA6314DC060E23C67 /* Pods-Instagram.debug.xcconfig */,
				01297A6EBE04F788173FB0D8 /* Pods-Instagram.release.xcconfig */,
			);
			name = Pods;
			sourceTree = "<group>";
		};
/* End PBXGroup section */

/* Begin PBXNativeTarget section */
		13660B941E6BF08D009517DD /* Instagram */ = {
			isa = PBXNativeTarget;
			buildConfigurationList = 13660BA71E6BF08E009517DD /* Build configuration list for PBXNativeTarget "Instagram" */;
			buildPhases = (
				1CE660AC68CC4AF4C317AA20 /* [CP] Check Pods Manifest.lock */,
				13660B911E6BF08D009517DD /* Sources */,
				13660B921E6BF08D009517DD /* Frameworks */,
				13660B931E6BF08D009517DD /* Resources */,
				E65C6843BEA6FE30F0552C42 /* [CP] Embed Pods Frameworks */,
				B3840E8193E74A86B8E60F01 /* [CP] Copy Pods Resources */,
				131C92361E6EF0F0008E48DE /* Embed Frameworks */,
				131C924D1E6EF1FC008E48DE /* ShellScript */,
			);
			buildRules = (
			);
			dependencies = (
			);
			name = Instagram;
			productName = Instagram;
			productReference = 13660B951E6BF08E009517DD /* Instagram.app */;
			productType = "com.apple.product-type.application";
		};
/* End PBXNativeTarget section */

/* Begin PBXProject section */
		13660B8D1E6BF08D009517DD /* Project object */ = {
			isa = PBXProject;
			attributes = {
				LastSwiftUpdateCheck = 0820;
				LastUpgradeCheck = 0820;
				ORGANIZATIONNAME = yu.nakamura;
				TargetAttributes = {
					13660B941E6BF08D009517DD = {
						CreatedOnToolsVersion = 8.2.1;
						ProvisioningStyle = Automatic;
					};
				};
			};
			buildConfigurationList = 13660B901E6BF08D009517DD /* Build configuration list for PBXProject "Instagram" */;
			compatibilityVersion = "Xcode 3.2";
			developmentRegion = English;
			hasScannedForEncodings = 0;
			knownRegions = (
				en,
				Base,
			);
			mainGroup = 13660B8C1E6BF08D009517DD;
			productRefGroup = 13660B961E6BF08E009517DD /* Products */;
			projectDirPath = "";
			projectRoot = "";
			targets = (
				13660B941E6BF08D009517DD /* Instagram */,
			);
		};
/* End PBXProject section */

/* Begin PBXResourcesBuildPhase section */
		13660B931E6BF08D009517DD /* Resources */ = {
			isa = PBXResourcesBuildPhase;
			buildActionMask = 2147483647;
			files = (
				13660BA31E6BF08E009517DD /* LaunchScreen.storyboard in Resources */,
				13D830751E70303F00678DCC /* PostTableViewCell.xib in Resources */,
				13FC7FC71E6C39F600B733A7 /* GoogleService-Info.plist in Resources */,
				13660BA01E6BF08E009517DD /* Assets.xcassets in Resources */,
				13660B9E1E6BF08E009517DD /* Main.storyboard in Resources */,
			);
			runOnlyForDeploymentPostprocessing = 0;
		};
/* End PBXResourcesBuildPhase section */

/* Begin PBXShellScriptBuildPhase section */
		131C924D1E6EF1FC008E48DE /* ShellScript */ = {
			isa = PBXShellScriptBuildPhase;
			buildActionMask = 2147483647;
			files = (
			);
			inputPaths = (
			);
			outputPaths = (
			);
			runOnlyForDeploymentPostprocessing = 0;
			shellPath = /bin/sh;
			shellScript = "bash \"${BUILT_PRODUCTS_DIR}/${FRAMEWORKS_FOLDER_PATH}/AdobeCreativeSDKCore.framework/strip-frameworks.sh\"";
		};
		1CE660AC68CC4AF4C317AA20 /* [CP] Check Pods Manifest.lock */ = {
			isa = PBXShellScriptBuildPhase;
			buildActionMask = 2147483647;
			files = (
			);
			inputPaths = (
			);
			name = "[CP] Check Pods Manifest.lock";
			outputPaths = (
			);
			runOnlyForDeploymentPostprocessing = 0;
			shellPath = /bin/sh;
			shellScript = "diff \"${PODS_ROOT}/../Podfile.lock\" \"${PODS_ROOT}/Manifest.lock\" > /dev/null\nif [ $? != 0 ] ; then\n    # print error to STDERR\n    echo \"error: The sandbox is not in sync with the Podfile.lock. Run 'pod install' or update your CocoaPods installation.\" >&2\n    exit 1\nfi\n";
			showEnvVarsInLog = 0;
		};
		B3840E8193E74A86B8E60F01 /* [CP] Copy Pods Resources */ = {
			isa = PBXShellScriptBuildPhase;
			buildActionMask = 2147483647;
			files = (
			);
			inputPaths = (
			);
			name = "[CP] Copy Pods Resources";
			outputPaths = (
			);
			runOnlyForDeploymentPostprocessing = 0;
			shellPath = /bin/sh;
			shellScript = "\"${SRCROOT}/Pods/Target Support Files/Pods-Instagram/Pods-Instagram-resources.sh\"\n";
			showEnvVarsInLog = 0;
		};
		E65C6843BEA6FE30F0552C42 /* [CP] Embed Pods Frameworks */ = {
			isa = PBXShellScriptBuildPhase;
			buildActionMask = 2147483647;
			files = (
			);
			inputPaths = (
			);
			name = "[CP] Embed Pods Frameworks";
			outputPaths = (
			);
			runOnlyForDeploymentPostprocessing = 0;
			shellPath = /bin/sh;
			shellScript = "\"${SRCROOT}/Pods/Target Support Files/Pods-Instagram/Pods-Instagram-frameworks.sh\"\n";
			showEnvVarsInLog = 0;
		};
/* End PBXShellScriptBuildPhase section */

/* Begin PBXSourcesBuildPhase section */
		13660B911E6BF08D009517DD /* Sources */ = {
			isa = PBXSourcesBuildPhase;
			buildActionMask = 2147483647;
			files = (
				13660BB11E6BF773009517DD /* PostViewController.swift in Sources */,
				139EAA091E70190400A7BDCD /* PostData.swift in Sources */,
				13660BAB1E6BF662009517DD /* LoginViewController.swift in Sources */,
				13660B9B1E6BF08E009517DD /* ViewController.swift in Sources */,
				13660B991E6BF08E009517DD /* AppDelegate.swift in Sources */,
				13660BAF1E6BF73F009517DD /* ImageSelectViewController.swift in Sources */,
				139EAA071E70167B00A7BDCD /* Const.swift in Sources */,
				13D830741E70303F00678DCC /* PostTableViewCell.swift in Sources */,
				13660BB31E6BF798009517DD /* SettingViewController.swift in Sources */,
				13660BAD1E6BF6E0009517DD /* HomeViewController.swift in Sources */,
			);
			runOnlyForDeploymentPostprocessing = 0;
		};
/* End PBXSourcesBuildPhase section */

/* Begin PBXVariantGroup section */
		13660B9C1E6BF08E009517DD /* Main.storyboard */ = {
			isa = PBXVariantGroup;
			children = (
				13660B9D1E6BF08E009517DD /* Base */,
			);
			name = Main.storyboard;
			sourceTree = "<group>";
		};
		13660BA11E6BF08E009517DD /* LaunchScreen.storyboard */ = {
			isa = PBXVariantGroup;
			children = (
				13660BA21E6BF08E009517DD /* Base */,
			);
			name = LaunchScreen.storyboard;
			sourceTree = "<group>";
		};
/* End PBXVariantGroup section */

/* Begin XCBuildConfiguration section */
		13660BA51E6BF08E009517DD /* Debug */ = {
			isa = XCBuildConfiguration;
			buildSettings = {
				ALWAYS_SEARCH_USER_PATHS = NO;
				CLANG_ANALYZER_NONNULL = YES;
				CLANG_CXX_LANGUAGE_STANDARD = "gnu++0x";
				CLANG_CXX_LIBRARY = "libc++";
				CLANG_ENABLE_MODULES = YES;
				CLANG_ENABLE_OBJC_ARC = YES;
				CLANG_WARN_BOOL_CONVERSION = YES;
				CLANG_WARN_CONSTANT_CONVERSION = YES;
				CLANG_WARN_DIRECT_OBJC_ISA_USAGE = YES_ERROR;
				CLANG_WARN_DOCUMENTATION_COMMENTS = YES;
				CLANG_WARN_EMPTY_BODY = YES;
				CLANG_WARN_ENUM_CONVERSION = YES;
				CLANG_WARN_INFINITE_RECURSION = YES;
				CLANG_WARN_INT_CONVERSION = YES;
				CLANG_WARN_OBJC_ROOT_CLASS = YES_ERROR;
				CLANG_WARN_SUSPICIOUS_MOVE = YES;
				CLANG_WARN_UNREACHABLE_CODE = YES;
				CLANG_WARN__DUPLICATE_METHOD_MATCH = YES;
				"CODE_SIGN_IDENTITY[sdk=iphoneos*]" = "iPhone Developer";
				COPY_PHASE_STRIP = NO;
				DEBUG_INFORMATION_FORMAT = dwarf;
				ENABLE_STRICT_OBJC_MSGSEND = YES;
				ENABLE_TESTABILITY = YES;
				GCC_C_LANGUAGE_STANDARD = gnu99;
				GCC_DYNAMIC_NO_PIC = NO;
				GCC_NO_COMMON_BLOCKS = YES;
				GCC_OPTIMIZATION_LEVEL = 0;
				GCC_PREPROCESSOR_DEFINITIONS = (
					"DEBUG=1",
					"$(inherited)",
				);
				GCC_WARN_64_TO_32_BIT_CONVERSION = YES;
				GCC_WARN_ABOUT_RETURN_TYPE = YES_ERROR;
				GCC_WARN_UNDECLARED_SELECTOR = YES;
				GCC_WARN_UNINITIALIZED_AUTOS = YES_AGGRESSIVE;
				GCC_WARN_UNUSED_FUNCTION = YES;
				GCC_WARN_UNUSED_VARIABLE = YES;
				IPHONEOS_DEPLOYMENT_TARGET = 10.2;
				MTL_ENABLE_DEBUG_INFO = YES;
				ONLY_ACTIVE_ARCH = YES;
				SDKROOT = iphoneos;
				SWIFT_ACTIVE_COMPILATION_CONDITIONS = DEBUG;
				SWIFT_OBJC_BRIDGING_HEADER = "Instagram/Instagram-Bridging-Header.h";
				SWIFT_OPTIMIZATION_LEVEL = "-Onone";
			};
			name = Debug;
		};
		13660BA61E6BF08E009517DD /* Release */ = {
			isa = XCBuildConfiguration;
			buildSettings = {
				ALWAYS_SEARCH_USER_PATHS = NO;
				CLANG_ANALYZER_NONNULL = YES;
				CLANG_CXX_LANGUAGE_STANDARD = "gnu++0x";
				CLANG_CXX_LIBRARY = "libc++";
				CLANG_ENABLE_MODULES = YES;
				CLANG_ENABLE_OBJC_ARC = YES;
				CLANG_WARN_BOOL_CONVERSION = YES;
				CLANG_WARN_CONSTANT_CONVERSION = YES;
				CLANG_WARN_DIRECT_OBJC_ISA_USAGE = YES_ERROR;
				CLANG_WARN_DOCUMENTATION_COMMENTS = YES;
				CLANG_WARN_EMPTY_BODY = YES;
				CLANG_WARN_ENUM_CONVERSION = YES;
				CLANG_WARN_INFINITE_RECURSION = YES;
				CLANG_WARN_INT_CONVERSION = YES;
				CLANG_WARN_OBJC_ROOT_CLASS = YES_ERROR;
				CLANG_WARN_SUSPICIOUS_MOVE = YES;
				CLANG_WARN_UNREACHABLE_CODE = YES;
				CLANG_WARN__DUPLICATE_METHOD_MATCH = YES;
				"CODE_SIGN_IDENTITY[sdk=iphoneos*]" = "iPhone Developer";
				COPY_PHASE_STRIP = NO;
				DEBUG_INFORMATION_FORMAT = "dwarf-with-dsym";
				ENABLE_NS_ASSERTIONS = NO;
				ENABLE_STRICT_OBJC_MSGSEND = YES;
				GCC_C_LANGUAGE_STANDARD = gnu99;
				GCC_NO_COMMON_BLOCKS = YES;
				GCC_WARN_64_TO_32_BIT_CONVERSION = YES;
				GCC_WARN_ABOUT_RETURN_TYPE = YES_ERROR;
				GCC_WARN_UNDECLARED_SELECTOR = YES;
				GCC_WARN_UNINITIALIZED_AUTOS = YES_AGGRESSIVE;
				GCC_WARN_UNUSED_FUNCTION = YES;
				GCC_WARN_UNUSED_VARIABLE = YES;
				IPHONEOS_DEPLOYMENT_TARGET = 10.2;
				MTL_ENABLE_DEBUG_INFO = NO;
				SDKROOT = iphoneos;
				SWIFT_OBJC_BRIDGING_HEADER = "Instagram/Instagram-Bridging-Header.h";
				SWIFT_OPTIMIZATION_LEVEL = "-Owholemodule";
				VALIDATE_PRODUCT = YES;
			};
			name = Release;
		};
		13660BA81E6BF08E009517DD /* Debug */ = {
			isa = XCBuildConfiguration;
			baseConfigurationReference = 8695F6ABA6314DC060E23C67 /* Pods-Instagram.debug.xcconfig */;
			buildSettings = {
				ASSETCATALOG_COMPILER_APPICON_NAME = AppIcon;
				FRAMEWORK_SEARCH_PATHS = (
					"$(inherited)",
					"$(PROJECT_DIR)/Instagram",
				);
				INFOPLIST_FILE = Instagram/Info.plist;
				LD_RUNPATH_SEARCH_PATHS = "$(inherited) @executable_path/Frameworks";
				PRODUCT_BUNDLE_IDENTIFIER = jp.techacademy.yu.03.05nakamura.Instagram;
				PRODUCT_NAME = "$(TARGET_NAME)";
				SWIFT_VERSION = 3.0;
			};
			name = Debug;
		};
		13660BA91E6BF08E009517DD /* Release */ = {
			isa = XCBuildConfiguration;
			baseConfigurationReference = 01297A6EBE04F788173FB0D8 /* Pods-Instagram.release.xcconfig */;
			buildSettings = {
				ASSETCATALOG_COMPILER_APPICON_NAME = AppIcon;
				FRAMEWORK_SEARCH_PATHS = (
					"$(inherited)",
					"$(PROJECT_DIR)/Instagram",
				);
				INFOPLIST_FILE = Instagram/Info.plist;
				LD_RUNPATH_SEARCH_PATHS = "$(inherited) @executable_path/Frameworks";
				PRODUCT_BUNDLE_IDENTIFIER = jp.techacademy.yu.03.05nakamura.Instagram;
				PRODUCT_NAME = "$(TARGET_NAME)";
				SWIFT_VERSION = 3.0;
			};
			name = Release;
		};
/* End XCBuildConfiguration section */

/* Begin XCConfigurationList section */
		13660B901E6BF08D009517DD /* Build configuration list for PBXProject "Instagram" */ = {
			isa = XCConfigurationList;
			buildConfigurations = (
				13660BA51E6BF08E009517DD /* Debug */,
				13660BA61E6BF08E009517DD /* Release */,
			);
			defaultConfigurationIsVisible = 0;
			defaultConfigurationName = Release;
		};
		13660BA71E6BF08E009517DD /* Build configuration list for PBXNativeTarget "Instagram" */ = {
			isa = XCConfigurationList;
			buildConfigurations = (
				13660BA81E6BF08E009517DD /* Debug */,
				13660BA91E6BF08E009517DD /* Release */,
			);
			defaultConfigurationIsVisible = 0;
			defaultConfigurationName = Release;
		};
/* End XCConfigurationList section */
	};
	rootObject = 13660B8D1E6BF08D009517DD /* Project object */;
}
